
Microsoft Visual Studio Solution File, Format Version 11.00
# Visual Studio 2010
Project("{FAE04EC0-301F-11D3-BF4B-00C04F79EFBC}") = "EventReceivers", "EventReceivers\EventReceivers.csproj", "{55BA1847-ED27-481D-B213-C6A4C8BCC3ED}"
EndProject
Project("{FAE04EC0-301F-11D3-BF4B-00C04F79EFBC}") = "PdfSharp", "PdfSharp\PdfSharp.csproj", "{24AED8CD-36DE-44BB-8B35-CC671B0E7DC9}"
EndProject
Project("{FAE04EC0-301F-11D3-BF4B-00C04F79EFBC}") = "Workflows", "Workflows\Workflows.csproj", "{F3947A43-D462-47CC-ABA9-F3AC493957C3}"
EndProject
Project("{FAE04EC0-301F-11D3-BF4B-00C04F79EFBC}") = "BLL", "STAFix24_Biuromagda_BLL\BLL.csproj", "{2C8ECD80-A047-4795-99B3-C0EFC6961A9E}"
EndProject
Project("{FAE04EC0-301F-11D3-BF4B-00C04F79EFBC}") = "BRMagda", "STAFix24_Biuromagda\BRMagda.csproj", "{9E727A47-9AAE-4569-BB73-062766B95E81}"
	ProjectSection(ProjectDependencies) = postProject
		{55BA1847-ED27-481D-B213-C6A4C8BCC3ED} = {55BA1847-ED27-481D-B213-C6A4C8BCC3ED}
	EndProjectSection
EndProject
Project("{FAE04EC0-301F-11D3-BF4B-00C04F79EFBC}") = "GeneratorDrukow", "GeneratorDrukow\GeneratorDrukow.csproj", "{811788E7-E265-42E7-B3AF-04EFF78717F8}"
EndProject
Project("{FAE04EC0-301F-11D3-BF4B-00C04F79EFBC}") = "TimerJobs", "TimerJobs\TimerJobs.csproj", "{1C9C88D5-6A79-47DC-A888-138CA7DB8A28}"
EndProject
Project("{FAE04EC0-301F-11D3-BF4B-00C04F79EFBC}") = "SharePointConsoleApplication1", "SharePointConsoleApplication1\SharePointConsoleApplication1.csproj", "{865C35DE-CB1A-4D6B-B91F-5BBED31E28EA}"
EndProject
Global
	GlobalSection(SolutionConfigurationPlatforms) = preSolution
		Debug|Any CPU = Debug|Any CPU
		Debug|Mixed Platforms = Debug|Mixed Platforms
		Debug|x86 = Debug|x86
		Release|Any CPU = Release|Any CPU
		Release|Mixed Platforms = Release|Mixed Platforms
		Release|x86 = Release|x86
	EndGlobalSection
	GlobalSection(ProjectConfigurationPlatforms) = postSolution
		{55BA1847-ED27-481D-B213-C6A4C8BCC3ED}.Debug|Any CPU.ActiveCfg = Debug|Any CPU
		{55BA1847-ED27-481D-B213-C6A4C8BCC3ED}.Debug|Any CPU.Build.0 = Debug|Any CPU
		{55BA1847-ED27-481D-B213-C6A4C8BCC3ED}.Debug|Any CPU.Deploy.0 = Debug|Any CPU
		{55BA1847-ED27-481D-B213-C6A4C8BCC3ED}.Debug|Mixed Platforms.ActiveCfg = Debug|Any CPU
		{55BA1847-ED27-481D-B213-C6A4C8BCC3ED}.Debug|Mixed Platforms.Build.0 = Debug|Any CPU
		{55BA1847-ED27-481D-B213-C6A4C8BCC3ED}.Debug|Mixed Platforms.Deploy.0 = Debug|Any CPU
		{55BA1847-ED27-481D-B213-C6A4C8BCC3ED}.Debug|x86.ActiveCfg = Debug|Any CPU
		{55BA1847-ED27-481D-B213-C6A4C8BCC3ED}.Release|Any CPU.ActiveCfg = Release|Any CPU
		{55BA1847-ED27-481D-B213-C6A4C8BCC3ED}.Release|Any CPU.Build.0 = Release|Any CPU
		{55BA1847-ED27-481D-B213-C6A4C8BCC3ED}.Release|Any CPU.Deploy.0 = Release|Any CPU
		{55BA1847-ED27-481D-B213-C6A4C8BCC3ED}.Release|Mixed Platforms.ActiveCfg = Release|Any CPU
		{55BA1847-ED27-481D-B213-C6A4C8BCC3ED}.Release|Mixed Platforms.Build.0 = Release|Any CPU
		{55BA1847-ED27-481D-B213-C6A4C8BCC3ED}.Release|Mixed Platforms.Deploy.0 = Release|Any CPU
		{55BA1847-ED27-481D-B213-C6A4C8BCC3ED}.Release|x86.ActiveCfg = Release|Any CPU
		{24AED8CD-36DE-44BB-8B35-CC671B0E7DC9}.Debug|Any CPU.ActiveCfg = Debug|Any CPU
		{24AED8CD-36DE-44BB-8B35-CC671B0E7DC9}.Debug|Any CPU.Build.0 = Debug|Any CPU
		{24AED8CD-36DE-44BB-8B35-CC671B0E7DC9}.Debug|Mixed Platforms.ActiveCfg = Debug|Any CPU
		{24AED8CD-36DE-44BB-8B35-CC671B0E7DC9}.Debug|Mixed Platforms.Build.0 = Debug|Any CPU
		{24AED8CD-36DE-44BB-8B35-CC671B0E7DC9}.Debug|x86.ActiveCfg = Debug|Any CPU
		{24AED8CD-36DE-44BB-8B35-CC671B0E7DC9}.Release|Any CPU.ActiveCfg = Release|Any CPU
		{24AED8CD-36DE-44BB-8B35-CC671B0E7DC9}.Release|Any CPU.Build.0 = Release|Any CPU
		{24AED8CD-36DE-44BB-8B35-CC671B0E7DC9}.Release|Mixed Platforms.ActiveCfg = Release|Any CPU
		{24AED8CD-36DE-44BB-8B35-CC671B0E7DC9}.Release|Mixed Platforms.Build.0 = Release|Any CPU
		{24AED8CD-36DE-44BB-8B35-CC671B0E7DC9}.Release|x86.ActiveCfg = Release|Any CPU
		{F3947A43-D462-47CC-ABA9-F3AC493957C3}.Debug|Any CPU.ActiveCfg = Debug|Any CPU
		{F3947A43-D462-47CC-ABA9-F3AC493957C3}.Debug|Any CPU.Build.0 = Debug|Any CPU
		{F3947A43-D462-47CC-ABA9-F3AC493957C3}.Debug|Any CPU.Deploy.0 = Debug|Any CPU
		{F3947A43-D462-47CC-ABA9-F3AC493957C3}.Debug|Mixed Platforms.ActiveCfg = Debug|Any CPU
		{F3947A43-D462-47CC-ABA9-F3AC493957C3}.Debug|Mixed Platforms.Build.0 = Debug|Any CPU
		{F3947A43-D462-47CC-ABA9-F3AC493957C3}.Debug|Mixed Platforms.Deploy.0 = Debug|Any CPU
		{F3947A43-D462-47CC-ABA9-F3AC493957C3}.Debug|x86.ActiveCfg = Debug|Any CPU
		{F3947A43-D462-47CC-ABA9-F3AC493957C3}.Release|Any CPU.ActiveCfg = Release|Any CPU
		{F3947A43-D462-47CC-ABA9-F3AC493957C3}.Release|Any CPU.Build.0 = Release|Any CPU
		{F3947A43-D462-47CC-ABA9-F3AC493957C3}.Release|Any CPU.Deploy.0 = Release|Any CPU
		{F3947A43-D462-47CC-ABA9-F3AC493957C3}.Release|Mixed Platforms.ActiveCfg = Release|Any CPU
		{F3947A43-D462-47CC-ABA9-F3AC493957C3}.Release|Mixed Platforms.Build.0 = Release|Any CPU
		{F3947A43-D462-47CC-ABA9-F3AC493957C3}.Release|Mixed Platforms.Deploy.0 = Release|Any CPU
		{F3947A43-D462-47CC-ABA9-F3AC493957C3}.Release|x86.ActiveCfg = Release|Any CPU
		{2C8ECD80-A047-4795-99B3-C0EFC6961A9E}.Debug|Any CPU.ActiveCfg = Debug|Any CPU
		{2C8ECD80-A047-4795-99B3-C0EFC6961A9E}.Debug|Any CPU.Build.0 = Debug|Any CPU
		{2C8ECD80-A047-4795-99B3-C0EFC6961A9E}.Debug|Mixed Platforms.ActiveCfg = Debug|Any CPU
		{2C8ECD80-A047-4795-99B3-C0EFC6961A9E}.Debug|Mixed Platforms.Build.0 = Debug|Any CPU
		{2C8ECD80-A047-4795-99B3-C0EFC6961A9E}.Debug|x86.ActiveCfg = Debug|Any CPU
		{2C8ECD80-A047-4795-99B3-C0EFC6961A9E}.Release|Any CPU.ActiveCfg = Release|Any CPU
		{2C8ECD80-A047-4795-99B3-C0EFC6961A9E}.Release|Any CPU.Build.0 = Release|Any CPU
		{2C8ECD80-A047-4795-99B3-C0EFC6961A9E}.Release|Mixed Platforms.ActiveCfg = Release|Any CPU
		{2C8ECD80-A047-4795-99B3-C0EFC6961A9E}.Release|Mixed Platforms.Build.0 = Release|Any CPU
		{2C8ECD80-A047-4795-99B3-C0EFC6961A9E}.Release|x86.ActiveCfg = Release|Any CPU
		{9E727A47-9AAE-4569-BB73-062766B95E81}.Debug|Any CPU.ActiveCfg = Debug|Any CPU
		{9E727A47-9AAE-4569-BB73-062766B95E81}.Debug|Any CPU.Build.0 = Debug|Any CPU
		{9E727A47-9AAE-4569-BB73-062766B95E81}.Debug|Any CPU.Deploy.0 = Debug|Any CPU
		{9E727A47-9AAE-4569-BB73-062766B95E81}.Debug|Mixed Platforms.ActiveCfg = Debug|Any CPU
		{9E727A47-9AAE-4569-BB73-062766B95E81}.Debug|Mixed Platforms.Build.0 = Debug|Any CPU
		{9E727A47-9AAE-4569-BB73-062766B95E81}.Debug|Mixed Platforms.Deploy.0 = Debug|Any CPU
		{9E727A47-9AAE-4569-BB73-062766B95E81}.Debug|x86.ActiveCfg = Debug|Any CPU
		{9E727A47-9AAE-4569-BB73-062766B95E81}.Release|Any CPU.ActiveCfg = Release|Any CPU
		{9E727A47-9AAE-4569-BB73-062766B95E81}.Release|Any CPU.Build.0 = Release|Any CPU
		{9E727A47-9AAE-4569-BB73-062766B95E81}.Release|Any CPU.Deploy.0 = Release|Any CPU
		{9E727A47-9AAE-4569-BB73-062766B95E81}.Release|Mixed Platforms.ActiveCfg = Release|Any CPU
		{9E727A47-9AAE-4569-BB73-062766B95E81}.Release|Mixed Platforms.Build.0 = Release|Any CPU
		{9E727A47-9AAE-4569-BB73-062766B95E81}.Release|Mixed Platforms.Deploy.0 = Release|Any CPU
		{9E727A47-9AAE-4569-BB73-062766B95E81}.Release|x86.ActiveCfg = Release|Any CPU
		{811788E7-E265-42E7-B3AF-04EFF78717F8}.Debug|Any CPU.ActiveCfg = Debug|Any CPU
		{811788E7-E265-42E7-B3AF-04EFF78717F8}.Debug|Any CPU.Build.0 = Debug|Any CPU
		{811788E7-E265-42E7-B3AF-04EFF78717F8}.Debug|Mixed Platforms.ActiveCfg = Debug|Any CPU
		{811788E7-E265-42E7-B3AF-04EFF78717F8}.Debug|Mixed Platforms.Build.0 = Debug|Any CPU
		{811788E7-E265-42E7-B3AF-04EFF78717F8}.Debug|x86.ActiveCfg = Debug|Any CPU
		{811788E7-E265-42E7-B3AF-04EFF78717F8}.Release|Any CPU.ActiveCfg = Release|Any CPU
		{811788E7-E265-42E7-B3AF-04EFF78717F8}.Release|Any CPU.Build.0 = Release|Any CPU
		{811788E7-E265-42E7-B3AF-04EFF78717F8}.Release|Mixed Platforms.ActiveCfg = Release|Any CPU
		{811788E7-E265-42E7-B3AF-04EFF78717F8}.Release|Mixed Platforms.Build.0 = Release|Any CPU
		{811788E7-E265-42E7-B3AF-04EFF78717F8}.Release|x86.ActiveCfg = Release|Any CPU
		{1C9C88D5-6A79-47DC-A888-138CA7DB8A28}.Debug|Any CPU.ActiveCfg = Debug|Any CPU
		{1C9C88D5-6A79-47DC-A888-138CA7DB8A28}.Debug|Any CPU.Build.0 = Debug|Any CPU
		{1C9C88D5-6A79-47DC-A888-138CA7DB8A28}.Debug|Any CPU.Deploy.0 = Debug|Any CPU
		{1C9C88D5-6A79-47DC-A888-138CA7DB8A28}.Debug|Mixed Platforms.ActiveCfg = Debug|Any CPU
		{1C9C88D5-6A79-47DC-A888-138CA7DB8A28}.Debug|Mixed Platforms.Build.0 = Debug|Any CPU
		{1C9C88D5-6A79-47DC-A888-138CA7DB8A28}.Debug|Mixed Platforms.Deploy.0 = Debug|Any CPU
		{1C9C88D5-6A79-47DC-A888-138CA7DB8A28}.Debug|x86.ActiveCfg = Debug|Any CPU
		{1C9C88D5-6A79-47DC-A888-138CA7DB8A28}.Release|Any CPU.ActiveCfg = Release|Any CPU
		{1C9C88D5-6A79-47DC-A888-138CA7DB8A28}.Release|Any CPU.Build.0 = Release|Any CPU
		{1C9C88D5-6A79-47DC-A888-138CA7DB8A28}.Release|Any CPU.Deploy.0 = Release|Any CPU
		{1C9C88D5-6A79-47DC-A888-138CA7DB8A28}.Release|Mixed Platforms.ActiveCfg = Release|Any CPU
		{1C9C88D5-6A79-47DC-A888-138CA7DB8A28}.Release|Mixed Platforms.Build.0 = Release|Any CPU
		{1C9C88D5-6A79-47DC-A888-138CA7DB8A28}.Release|Mixed Platforms.Deploy.0 = Release|Any CPU
		{1C9C88D5-6A79-47DC-A888-138CA7DB8A28}.Release|x86.ActiveCfg = Release|Any CPU
		{865C35DE-CB1A-4D6B-B91F-5BBED31E28EA}.Debug|Any CPU.ActiveCfg = Debug|Any CPU
		{865C35DE-CB1A-4D6B-B91F-5BBED31E28EA}.Debug|Any CPU.Build.0 = Debug|Any CPU
		{865C35DE-CB1A-4D6B-B91F-5BBED31E28EA}.Debug|Mixed Platforms.ActiveCfg = Debug|Any CPU
		{865C35DE-CB1A-4D6B-B91F-5BBED31E28EA}.Debug|Mixed Platforms.Build.0 = Debug|Any CPU
		{865C35DE-CB1A-4D6B-B91F-5BBED31E28EA}.Debug|x86.ActiveCfg = Debug|Any CPU
		{865C35DE-CB1A-4D6B-B91F-5BBED31E28EA}.Release|Any CPU.ActiveCfg = Release|Any CPU
		{865C35DE-CB1A-4D6B-B91F-5BBED31E28EA}.Release|Any CPU.Build.0 = Release|Any CPU
		{865C35DE-CB1A-4D6B-B91F-5BBED31E28EA}.Release|Mixed Platforms.ActiveCfg = Release|Any CPU
		{865C35DE-CB1A-4D6B-B91F-5BBED31E28EA}.Release|Mixed Platforms.Build.0 = Release|Any CPU
		{865C35DE-CB1A-4D6B-B91F-5BBED31E28EA}.Release|x86.ActiveCfg = Release|Any CPU
	EndGlobalSection
	GlobalSection(SolutionProperties) = preSolution
		HideSolutionNode = FALSE
	EndGlobalSection
EndGlobal
